
Microsoft Visual Studio Solution File, Format Version 12.00
# Visual Studio 14
VisualStudioVersion = 14.0.25123.0
MinimumVisualStudioVersion = 10.0.40219.1
Project("{2150E333-8FDC-42A3-9474-1A3956D46DE8}") = "src", "src", "{60593C6D-5A4F-4DE3-9D22-C1B1B199E2DA}"
EndProject
Project("{2150E333-8FDC-42A3-9474-1A3956D46DE8}") = "Solution Items", "Solution Items", "{251DB753-4F34-4E32-BAFF-F54BEC859EEF}"
	ProjectSection(SolutionItems) = preProject
		global.json = global.json
	EndProjectSection
EndProject
Project("{8BB2217D-0F2D-49D1-97BC-3654ED321F3B}") = "Seed", "Seed\Seed.xproj", "{F961561D-6CFF-4C27-BA42-7C6BAF9E7EEE}"
EndProject
Global
	GlobalSection(SolutionConfigurationPlatforms) = preSolution
		Debug|Any CPU = Debug|Any CPU
		Release|Any CPU = Release|Any CPU
	EndGlobalSection
	GlobalSection(ProjectConfigurationPlatforms) = postSolution
		{F961561D-6CFF-4C27-BA42-7C6BAF9E7EEE}.Debug|Any CPU.ActiveCfg = Debug|Any CPU
		{F961561D-6CFF-4C27-BA42-7C6BAF9E7EEE}.Debug|Any CPU.Build.0 = Debug|Any CPU
		{F961561D-6CFF-4C27-BA42-7C6BAF9E7EEE}.Release|Any CPU.ActiveCfg = Release|Any CPU
		{F961561D-6CFF-4C27-BA42-7C6BAF9E7EEE}.Release|Any CPU.Build.0 = Release|Any CPU
	EndGlobalSection
	GlobalSection(SolutionProperties) = preSolution
		HideSolutionNode = FALSE
	EndGlobalSection
	GlobalSection(NestedProjects) = preSolution
		{F961561D-6CFF-4C27-BA42-7C6BAF9E7EEE} = {60593C6D-5A4F-4DE3-9D22-C1B1B199E2DA}
	EndGlobalSection
EndGlobal
